
Microsoft Visual Studio Solution File, Format Version 12.00
# Visual Studio Version 17
VisualStudioVersion = 17.12.35514.174 d17.12
MinimumVisualStudioVersion = 10.0.40219.1
Project("{FAE04EC0-301F-11D3-BF4B-00C04F79EFBC}") = "PRG1_MAUI_Sort", "PRG1_MAUI_Sort\PRG1_MAUI_Sort.csproj", "{11F159A4-6B17-41E5-BA41-6CA28C9086FE}"
EndProject
Global
	GlobalSection(SolutionConfigurationPlatforms) = preSolution
		Debug|Any CPU = Debug|Any CPU
		Release|Any CPU = Release|Any CPU
	EndGlobalSection
	GlobalSection(ProjectConfigurationPlatforms) = postSolution
		{11F159A4-6B17-41E5-BA41-6CA28C9086FE}.Debug|Any CPU.ActiveCfg = Debug|Any CPU
		{11F159A4-6B17-41E5-BA41-6CA28C9086FE}.Debug|Any CPU.Build.0 = Debug|Any CPU
		{11F159A4-6B17-41E5-BA41-6CA28C9086FE}.Release|Any CPU.ActiveCfg = Release|Any CPU
		{11F159A4-6B17-41E5-BA41-6CA28C9086FE}.Release|Any CPU.Build.0 = Release|Any CPU
	EndGlobalSection
	GlobalSection(SolutionProperties) = preSolution
		HideSolutionNode = FALSE
	EndGlobalSection
EndGlobal
